// !$*UTF8*$!
{
	archiveVersion = 1;
	classes = {
	};
	objectVersion = 54;
	objects = {

/* Begin PBXBuildFile section */
		19669F112557210400E6206F /* LaunchScreen.storyboard in Resources */ = {isa = PBXBuildFile; fileRef = 19669F132557210400E6206F /* LaunchScreen.storyboard */; };
		19CEEEAF1AA87A270015D28C /* main.m in Sources */ = {isa = PBXBuildFile; fileRef = 19CEEEAE1AA87A270015D28C /* main.m */; };
		19CEEEB21AA87A270015D28C /* AppDelegate.m in Sources */ = {isa = PBXBuildFile; fileRef = 19CEEEB11AA87A270015D28C /* AppDelegate.m */; };
		19CEEEB51AA87A270015D28C /* ViewController.m in Sources */ = {isa = PBXBuildFile; fileRef = 19CEEEB41AA87A270015D28C /* ViewController.m */; };
		19CEEEB81AA87A270015D28C /* Main.storyboard in Resources */ = {isa = PBXBuildFile; fileRef = 19CEEEB61AA87A270015D28C /* Main.storyboard */; };
		19CEEEBA1AA87A270015D28C /* Images.xcassets in Resources */ = {isa = PBXBuildFile; fileRef = 19CEEEB91AA87A270015D28C /* Images.xcassets */; };
		19CEEED81AA8827E0015D28C /* DPSystemVolumeController.m in Sources */ = {isa = PBXBuildFile; fileRef = 19CEEED41AA8827E0015D28C /* DPSystemVolumeController.m */; };
		19CEEED91AA8827E0015D28C /* DPStringEncrypter.m in Sources */ = {isa = PBXBuildFile; fileRef = 19CEEED71AA8827E0015D28C /* DPStringEncrypter.m */; };
/* End PBXBuildFile section */

/* Begin PBXFileReference section */
		19669F122557210400E6206F /* Base */ = {isa = PBXFileReference; lastKnownFileType = file.storyboard; name = Base; path = Base.lproj/LaunchScreen.storyboard; sourceTree = "<group>"; };
		19CEEEA91AA87A270015D28C /* DPSystemVolumeControllerExample.app */ = {isa = PBXFileReference; explicitFileType = wrapper.application; includeInIndex = 0; path = DPSystemVolumeControllerExample.app; sourceTree = BUILT_PRODUCTS_DIR; };
		19CEEEAD1AA87A270015D28C /* Info.plist */ = {isa = PBXFileReference; lastKnownFileType = text.plist.xml; path = Info.plist; sourceTree = "<group>"; };
		19CEEEAE1AA87A270015D28C /* main.m */ = {isa = PBXFileReference; lastKnownFileType = sourcecode.c.objc; path = main.m; sourceTree = "<group>"; };
		19CEEEB01AA87A270015D28C /* AppDelegate.h */ = {isa = PBXFileReference; lastKnownFileType = sourcecode.c.h; path = AppDelegate.h; sourceTree = "<group>"; };
		19CEEEB11AA87A270015D28C /* AppDelegate.m */ = {isa = PBXFileReference; lastKnownFileType = sourcecode.c.objc; path = AppDelegate.m; sourceTree = "<group>"; };
		19CEEEB31AA87A270015D28C /* ViewController.h */ = {isa = PBXFileReference; lastKnownFileType = sourcecode.c.h; path = ViewController.h; sourceTree = "<group>"; };
		19CEEEB41AA87A270015D28C /* ViewController.m */ = {isa = PBXFileReference; lastKnownFileType = sourcecode.c.objc; path = ViewController.m; sourceTree = "<group>"; };
		19CEEEB71AA87A270015D28C /* Base */ = {isa = PBXFileReference; lastKnownFileType = file.storyboard; name = Base; path = Base.lproj/Main.storyboard; sourceTree = "<group>"; };
		19CEEEB91AA87A270015D28C /* Images.xcassets */ = {isa = PBXFileReference; lastKnownFileType = folder.assetcatalog; path = Images.xcassets; sourceTree = "<group>"; };
		19CEEED31AA8827E0015D28C /* DPSystemVolumeController.h */ = {isa = PBXFileReference; fileEncoding = 4; lastKnownFileType = sourcecode.c.h; path = DPSystemVolumeController.h; sourceTree = "<group>"; };
		19CEEED41AA8827E0015D28C /* DPSystemVolumeController.m */ = {isa = PBXFileReference; fileEncoding = 4; lastKnownFileType = sourcecode.c.objc; path = DPSystemVolumeController.m; sourceTree = "<group>"; };
		19CEEED61AA8827E0015D28C /* DPStringEncrypter.h */ = {isa = PBXFileReference; fileEncoding = 4; lastKnownFileType = sourcecode.c.h; path = DPStringEncrypter.h; sourceTree = "<group>"; };
		19CEEED71AA8827E0015D28C /* DPStringEncrypter.m */ = {isa = PBXFileReference; fileEncoding = 4; lastKnownFileType = sourcecode.c.objc; path = DPStringEncrypter.m; sourceTree = "<group>"; };
/* End PBXFileReference section */

/* Begin PBXFrameworksBuildPhase section */
		19CEEEA61AA87A270015D28C /* Frameworks */ = {
			isa = PBXFrameworksBuildPhase;
			buildActionMask = 2147483647;
			files = (
			);
			runOnlyForDeploymentPostprocessing = 0;
		};
/* End PBXFrameworksBuildPhase section */

/* Begin PBXGroup section */
		19CEEEA01AA87A270015D28C = {
			isa = PBXGroup;
			children = (
				19CEEED21AA8827E0015D28C /* DPSystemVolumeController */,
				19CEEEAB1AA87A270015D28C /* DPSystemVolumeControllerExample */,
				19CEEEAA1AA87A270015D28C /* Products */,
				3975840E3912A12CE0D134CD /* Frameworks */,
			);
			sourceTree = "<group>";
		};
		19CEEEAA1AA87A270015D28C /* Products */ = {
			isa = PBXGroup;
			children = (
				19CEEEA91AA87A270015D28C /* DPSystemVolumeControllerExample.app */,
			);
			name = Products;
			sourceTree = "<group>";
		};
		19CEEEAB1AA87A270015D28C /* DPSystemVolumeControllerExample */ = {
			isa = PBXGroup;
			children = (
				19CEEEB01AA87A270015D28C /* AppDelegate.h */,
				19CEEEB11AA87A270015D28C /* AppDelegate.m */,
				19CEEEB31AA87A270015D28C /* ViewController.h */,
				19CEEEB41AA87A270015D28C /* ViewController.m */,
				19CEEEB61AA87A270015D28C /* Main.storyboard */,
				19669F132557210400E6206F /* LaunchScreen.storyboard */,
				19CEEEB91AA87A270015D28C /* Images.xcassets */,
				19CEEEAC1AA87A270015D28C /* Supporting Files */,
			);
			path = DPSystemVolumeControllerExample;
			sourceTree = "<group>";
		};
		19CEEEAC1AA87A270015D28C /* Supporting Files */ = {
			isa = PBXGroup;
			children = (
				19CEEEAD1AA87A270015D28C /* Info.plist */,
				19CEEEAE1AA87A270015D28C /* main.m */,
			);
			name = "Supporting Files";
			sourceTree = "<group>";
		};
		19CEEED21AA8827E0015D28C /* DPSystemVolumeController */ = {
			isa = PBXGroup;
			children = (
				19CEEED31AA8827E0015D28C /* DPSystemVolumeController.h */,
				19CEEED41AA8827E0015D28C /* DPSystemVolumeController.m */,
				19CEEED51AA8827E0015D28C /* Util */,
			);
			name = DPSystemVolumeController;
			path = ../DPSystemVolumeController;
			sourceTree = "<group>";
		};
		19CEEED51AA8827E0015D28C /* Util */ = {
			isa = PBXGroup;
			children = (
				19CEEED61AA8827E0015D28C /* DPStringEncrypter.h */,
				19CEEED71AA8827E0015D28C /* DPStringEncrypter.m */,
			);
			path = Util;
			sourceTree = "<group>";
		};
		3975840E3912A12CE0D134CD /* Frameworks */ = {
			isa = PBXGroup;
			children = (
			);
			name = Frameworks;
			sourceTree = "<group>";
		};
/* End PBXGroup section */

/* Begin PBXNativeTarget section */
		19CEEEA81AA87A270015D28C /* DPSystemVolumeControllerExample */ = {
			isa = PBXNativeTarget;
			buildConfigurationList = 19CEEECC1AA87A280015D28C /* Build configuration list for PBXNativeTarget "DPSystemVolumeControllerExample" */;
			buildPhases = (
				19CEEEA51AA87A270015D28C /* Sources */,
				19CEEEA61AA87A270015D28C /* Frameworks */,
				19CEEEA71AA87A270015D28C /* Resources */,
			);
			buildRules = (
			);
			dependencies = (
			);
			name = DPSystemVolumeControllerExample;
			productName = DPSystemVolumeControllerExample;
			productReference = 19CEEEA91AA87A270015D28C /* DPSystemVolumeControllerExample.app */;
			productType = "com.apple.product-type.application";
		};
/* End PBXNativeTarget section */

/* Begin PBXProject section */
		19CEEEA11AA87A270015D28C /* Project object */ = {
			isa = PBXProject;
			attributes = {
				LastUpgradeCheck = 1210;
				ORGANIZATIONNAME = dnpp.org;
				TargetAttributes = {
					19CEEEA81AA87A270015D28C = {
						CreatedOnToolsVersion = 6.3;
					};
				};
			};
			buildConfigurationList = 19CEEEA41AA87A270015D28C /* Build configuration list for PBXProject "DPSystemVolumeControllerExample" */;
			compatibilityVersion = "Xcode 12.0";
			developmentRegion = en;
			hasScannedForEncodings = 0;
			knownRegions = (
				en,
				Base,
			);
			mainGroup = 19CEEEA01AA87A270015D28C;
			productRefGroup = 19CEEEAA1AA87A270015D28C /* Products */;
			projectDirPath = "";
			projectRoot = "";
			targets = (
				19CEEEA81AA87A270015D28C /* DPSystemVolumeControllerExample */,
			);
		};
/* End PBXProject section */

/* Begin PBXResourcesBuildPhase section */
		19CEEEA71AA87A270015D28C /* Resources */ = {
			isa = PBXResourcesBuildPhase;
			buildActionMask = 2147483647;
			files = (
				19669F112557210400E6206F /* LaunchScreen.storyboard in Resources */,
				19CEEEB81AA87A270015D28C /* Main.storyboard in Resources */,
				19CEEEBA1AA87A270015D28C /* Images.xcassets in Resources */,
			);
			runOnlyForDeploymentPostprocessing = 0;
		};
/* End PBXResourcesBuildPhase section */

/* Begin PBXSourcesBuildPhase section */
		19CEEEA51AA87A270015D28C /* Sources */ = {
			isa = PBXSourcesBuildPhase;
			buildActionMask = 2147483647;
			files = (
				19CEEEB51AA87A270015D28C /* ViewController.m in Sources */,
				19CEEEB21AA87A270015D28C /* AppDelegate.m in Sources */,
				19CEEED91AA8827E0015D28C /* DPStringEncrypter.m in Sources */,
				19CEEED81AA8827E0015D28C /* DPSystemVolumeController.m in Sources */,
				19CEEEAF1AA87A270015D28C /* main.m in Sources */,
			);
			runOnlyForDeploymentPostprocessing = 0;
		};
/* End PBXSourcesBuildPhase section */

/* Begin PBXVariantGroup section */
		19669F132557210400E6206F /* LaunchScreen.storyboard */ = {
			isa = PBXVariantGroup;
			children = (
				19669F122557210400E6206F /* Base */,
			);
			name = LaunchScreen.storyboard;
			sourceTree = "<group>";
		};
		19CEEEB61AA87A270015D28C /* Main.storyboard */ = {
			isa = PBXVariantGroup;
			children = (
				19CEEEB71AA87A270015D28C /* Base */,
			);
			name = Main.storyboard;
			sourceTree = "<group>";
		};
/* End PBXVariantGroup section */

/* Begin XCBuildConfiguration section */
		19CEEECA1AA87A280015D28C /* Debug */ = {
			isa = XCBuildConfiguration;
			buildSettings = {
				ALWAYS_SEARCH_USER_PATHS = NO;
				CLANG_ANALYZER_LOCALIZABILITY_NONLOCALIZED = YES;
				CLANG_CXX_LANGUAGE_STANDARD = "gnu++0x";
				CLANG_CXX_LIBRARY = "libc++";
				CLANG_ENABLE_MODULES = YES;
				CLANG_ENABLE_OBJC_ARC = YES;
				CLANG_WARN_BLOCK_CAPTURE_AUTORELEASING = YES;
				CLANG_WARN_BOOL_CONVERSION = YES;
				CLANG_WARN_COMMA = YES;
				CLANG_WARN_CONSTANT_CONVERSION = YES;
				CLANG_WARN_DEPRECATED_OBJC_IMPLEMENTATIONS = YES;
				CLANG_WARN_DIRECT_OBJC_ISA_USAGE = YES_ERROR;
				CLANG_WARN_EMPTY_BODY = YES;
				CLANG_WARN_ENUM_CONVERSION = YES;
				CLANG_WARN_INFINITE_RECURSION = YES;
				CLANG_WARN_INT_CONVERSION = YES;
				CLANG_WARN_NON_LITERAL_NULL_CONVERSION = YES;
				CLANG_WARN_OBJC_IMPLICIT_RETAIN_SELF = YES;
				CLANG_WARN_OBJC_LITERAL_CONVERSION = YES;
				CLANG_WARN_OBJC_ROOT_CLASS = YES_ERROR;
				CLANG_WARN_QUOTED_INCLUDE_IN_FRAMEWORK_HEADER = YES;
				CLANG_WARN_RANGE_LOOP_ANALYSIS = YES;
				CLANG_WARN_STRICT_PROTOTYPES = YES;
				CLANG_WARN_SUSPICIOUS_MOVE = YES;
				CLANG_WARN_UNREACHABLE_CODE = YES;
				CLANG_WARN__DUPLICATE_METHOD_MATCH = YES;
				"CODE_SIGN_IDENTITY[sdk=iphoneos*]" = "iPhone Developer";
				COPY_PHASE_STRIP = NO;
				DEBUG_INFORMATION_FORMAT = dwarf;
				ENABLE_STRICT_OBJC_MSGSEND = YES;
				ENABLE_TESTABILITY = YES;
				GCC_C_LANGUAGE_STANDARD = gnu99;
				GCC_DYNAMIC_NO_PIC = NO;
				GCC_NO_COMMON_BLOCKS = YES;
				GCC_OPTIMIZATION_LEVEL = 0;
				GCC_PREPROCESSOR_DEFINITIONS = (
					"DEBUG=1",
					"$(inherited)",
				);
				GCC_SYMBOLS_PRIVATE_EXTERN = NO;
				GCC_WARN_64_TO_32_BIT_CONVERSION = YES;
				GCC_WARN_ABOUT_RETURN_TYPE = YES_ERROR;
				GCC_WARN_UNDECLARED_SELECTOR = YES;
				GCC_WARN_UNINITIALIZED_AUTOS = YES_AGGRESSIVE;
				GCC_WARN_UNUSED_FUNCTION = YES;
				GCC_WARN_UNUSED_VARIABLE = YES;
				IPHONEOS_DEPLOYMENT_TARGET = 9.0;
				MTL_ENABLE_DEBUG_INFO = YES;
				ONLY_ACTIVE_ARCH = YES;
				SDKROOT = iphoneos;
			};
			name = Debug;
		};
		19CEEECB1AA87A280015D28C /* Release */ = {
			isa = XCBuildConfiguration;
			buildSettings = {
				ALWAYS_SEARCH_USER_PATHS = NO;
				CLANG_ANALYZER_LOCALIZABILITY_NONLOCALIZED = YES;
				CLANG_CXX_LANGUAGE_STANDARD = "gnu++0x";
				CLANG_CXX_LIBRARY = "libc++";
				CLANG_ENABLE_MODULES = YES;
				CLANG_ENABLE_OBJC_ARC = YES;
				CLANG_WARN_BLOCK_CAPTURE_AUTORELEASING = YES;
				CLANG_WARN_BOOL_CONVERSION = YES;
				CLANG_WARN_COMMA = YES;
				CLANG_WARN_CONSTANT_CONVERSION = YES;
				CLANG_WARN_DEPRECATED_OBJC_IMPLEMENTATIONS = YES;
				CLANG_WARN_DIRECT_OBJC_ISA_USAGE = YES_ERROR;
				CLANG_WARN_EMPTY_BODY = YES;
				CLANG_WARN_ENUM_CONVERSION = YES;
				CLANG_WARN_INFINITE_RECURSION = YES;
				CLANG_WARN_INT_CONVERSION = YES;
				CLANG_WARN_NON_LITERAL_NULL_CONVERSION = YES;
				CLANG_WARN_OBJC_IMPLICIT_RETAIN_SELF = YES;
				CLANG_WARN_OBJC_LITERAL_CONVERSION = YES;
				CLANG_WARN_OBJC_ROOT_CLASS = YES_ERROR;
				CLANG_WARN_QUOTED_INCLUDE_IN_FRAMEWORK_HEADER = YES;
				CLANG_WARN_RANGE_LOOP_ANALYSIS = YES;
				CLANG_WARN_STRICT_PROTOTYPES = YES;
				CLANG_WARN_SUSPICIOUS_MOVE = YES;
				CLANG_WARN_UNREACHABLE_CODE = YES;
				CLANG_WARN__DUPLICATE_METHOD_MATCH = YES;
				"CODE_SIGN_IDENTITY[sdk=iphoneos*]" = "iPhone Developer";
				COPY_PHASE_STRIP = NO;
				DEBUG_INFORMATION_FORMAT = "dwarf-with-dsym";
				ENABLE_NS_ASSERTIONS = NO;
				ENABLE_STRICT_OBJC_MSGSEND = YES;
				GCC_C_LANGUAGE_STANDARD = gnu99;
				GCC_NO_COMMON_BLOCKS = YES;
				GCC_WARN_64_TO_32_BIT_CONVERSION = YES;
				GCC_WARN_ABOUT_RETURN_TYPE = YES_ERROR;
				GCC_WARN_UNDECLARED_SELECTOR = YES;
				GCC_WARN_UNINITIALIZED_AUTOS = YES_AGGRESSIVE;
				GCC_WARN_UNUSED_FUNCTION = YES;
				GCC_WARN_UNUSED_VARIABLE = YES;
				IPHONEOS_DEPLOYMENT_TARGET = 9.0;
				MTL_ENABLE_DEBUG_INFO = NO;
				SDKROOT = iphoneos;
				VALIDATE_PRODUCT = YES;
			};
			name = Release;
		};
		19CEEECD1AA87A280015D28C /* Debug */ = {
			isa = XCBuildConfiguration;
			buildSettings = {
				ASSETCATALOG_COMPILER_APPICON_NAME = AppIcon;
				DEVELOPMENT_TEAM = 3XM25R8KKX;
				INFOPLIST_FILE = DPSystemVolumeControllerExample/Info.plist;
				LD_RUNPATH_SEARCH_PATHS = (
					"$(inherited)",
					"@executable_path/Frameworks",
				);
				PRODUCT_BUNDLE_IDENTIFIER = "org.dnpp.library.example.$(PRODUCT_NAME:rfc1034identifier)";
				PRODUCT_NAME = "$(TARGET_NAME)";
			};
			name = Debug;
		};
		19CEEECE1AA87A280015D28C /* Release */ = {
			isa = XCBuildConfiguration;
			buildSettings = {
				ASSETCATALOG_COMPILER_APPICON_NAME = AppIcon;
				DEVELOPMENT_TEAM = 3XM25R8KKX;
				INFOPLIST_FILE = DPSystemVolumeControllerExample/Info.plist;
				LD_RUNPATH_SEARCH_PATHS = (
					"$(inherited)",
					"@executable_path/Frameworks",
				);
				PRODUCT_BUNDLE_IDENTIFIER = "org.dnpp.library.example.$(PRODUCT_NAME:rfc1034identifier)";
				PRODUCT_NAME = "$(TARGET_NAME)";
			};
			name = Release;
		};
/* End XCBuildConfiguration section */

/* Begin XCConfigurationList section */
		19CEEEA41AA87A270015D28C /* Build configuration list for PBXProject "DPSystemVolumeControllerExample" */ = {
			isa = XCConfigurationList;
			buildConfigurations = (
				19CEEECA1AA87A280015D28C /* Debug */,
				19CEEECB1AA87A280015D28C /* Release */,
			);
			defaultConfigurationIsVisible = 0;
			defaultConfigurationName = Release;
		};
		19CEEECC1AA87A280015D28C /* Build configuration list for PBXNativeTarget "DPSystemVolumeControllerExample" */ = {
			isa = XCConfigurationList;
			buildConfigurations = (
				19CEEECD1AA87A280015D28C /* Debug */,
				19CEEECE1AA87A280015D28C /* Release */,
			);
			defaultConfigurationIsVisible = 0;
			defaultConfigurationName = Release;
		};
/* End XCConfigurationList section */
	};
	rootObject = 19CEEEA11AA87A270015D28C /* Project object */;
}
